
Microsoft Visual Studio Solution File, Format Version 12.00
# Visual Studio Version 16
VisualStudioVersion = 16.0.30717.126
MinimumVisualStudioVersion = 10.0.40219.1
Project("{FAE04EC0-301F-11D3-BF4B-00C04F79EFBC}") = "AuthTemplate.Web", "AuthTemplate.Web\AuthTemplate.Web.csproj", "{FF1C9F52-37ED-4061-BA8A-F7C53F416593}"
EndProject
Project("{FAE04EC0-301F-11D3-BF4B-00C04F79EFBC}") = "AuthTemplate.Data", "AuthTemplate.Data\AuthTemplate.Data.csproj", "{7D2ABFFD-97F5-4748-A014-D177CC84EAD5}"
EndProject
Global
	GlobalSection(SolutionConfigurationPlatforms) = preSolution
		Debug|Any CPU = Debug|Any CPU
		Release|Any CPU = Release|Any CPU
	EndGlobalSection
	GlobalSection(ProjectConfigurationPlatforms) = postSolution
		{FF1C9F52-37ED-4061-BA8A-F7C53F416593}.Debug|Any CPU.ActiveCfg = Debug|Any CPU
		{FF1C9F52-37ED-4061-BA8A-F7C53F416593}.Debug|Any CPU.Build.0 = Debug|Any CPU
		{FF1C9F52-37ED-4061-BA8A-F7C53F416593}.Release|Any CPU.ActiveCfg = Release|Any CPU
		{FF1C9F52-37ED-4061-BA8A-F7C53F416593}.Release|Any CPU.Build.0 = Release|Any CPU
		{7D2ABFFD-97F5-4748-A014-D177CC84EAD5}.Debug|Any CPU.ActiveCfg = Debug|Any CPU
		{7D2ABFFD-97F5-4748-A014-D177CC84EAD5}.Debug|Any CPU.Build.0 = Debug|Any CPU
		{7D2ABFFD-97F5-4748-A014-D177CC84EAD5}.Release|Any CPU.ActiveCfg = Release|Any CPU
		{7D2ABFFD-97F5-4748-A014-D177CC84EAD5}.Release|Any CPU.Build.0 = Release|Any CPU
	EndGlobalSection
	GlobalSection(SolutionProperties) = preSolution
		HideSolutionNode = FALSE
	EndGlobalSection
	GlobalSection(ExtensibilityGlobals) = postSolution
		SolutionGuid = {08B7C14C-4239-4371-98B2-402D9405118A}
	EndGlobalSection
EndGlobal
